
Microsoft Visual Studio Solution File, Format Version 12.00
# Visual Studio Version 17
VisualStudioVersion = 17.0.31903.59
MinimumVisualStudioVersion = 10.0.40219.1
Project("{2150E333-8FDC-42A3-9474-1A3956D46DE8}") = "src", "src", "{827E0CD3-B72D-47B6-A68D-7590B98EB39B}"
EndProject
Project("{FAE04EC0-301F-11D3-BF4B-00C04F79EFBC}") = "Zadana.Api", "src\Zadana.Api\Zadana.Api.csproj", "{5AF91D0B-2637-48BC-B714-2B6F6599D392}"
EndProject
Project("{FAE04EC0-301F-11D3-BF4B-00C04F79EFBC}") = "Zadana.Application", "src\Zadana.Application\Zadana.Application.csproj", "{D6F618EB-FEBE-475D-BFED-B75565A814BF}"
EndProject
Project("{FAE04EC0-301F-11D3-BF4B-00C04F79EFBC}") = "Zadana.Domain", "src\Zadana.Domain\Zadana.Domain.csproj", "{D476D6F6-FACE-45E0-A660-A5F0F6B2AEA5}"
EndProject
Project("{FAE04EC0-301F-11D3-BF4B-00C04F79EFBC}") = "Zadana.Infrastructure", "src\Zadana.Infrastructure\Zadana.Infrastructure.csproj", "{17E10126-C295-493A-ABDD-2B032E07580B}"
EndProject
Project("{FAE04EC0-301F-11D3-BF4B-00C04F79EFBC}") = "Zadana.Contracts", "src\Zadana.Contracts\Zadana.Contracts.csproj", "{6D2DA302-B243-4026-AA1B-94B4833E9994}"
EndProject
Project("{FAE04EC0-301F-11D3-BF4B-00C04F79EFBC}") = "Zadana.SharedKernel", "src\Zadana.SharedKernel\Zadana.SharedKernel.csproj", "{9212D614-43A5-42DC-8F3E-2F01E2B06296}"
EndProject
Project("{2150E333-8FDC-42A3-9474-1A3956D46DE8}") = "tests", "tests", "{0AB3BF05-4346-4AA6-1389-037BE0695223}"
EndProject
Project("{FAE04EC0-301F-11D3-BF4B-00C04F79EFBC}") = "Zadana.UnitTests", "tests\Zadana.UnitTests\Zadana.UnitTests.csproj", "{99870E98-BF63-47F5-B765-052730FF3C0E}"
EndProject
Project("{FAE04EC0-301F-11D3-BF4B-00C04F79EFBC}") = "Zadana.IntegrationTests", "tests\Zadana.IntegrationTests\Zadana.IntegrationTests.csproj", "{381677E3-C5F0-471F-889B-BA17D5CD907B}"
EndProject
Project("{FAE04EC0-301F-11D3-BF4B-00C04F79EFBC}") = "Zadana.ArchitectureTests", "tests\Zadana.ArchitectureTests\Zadana.ArchitectureTests.csproj", "{23BD5DA5-2E07-4FB5-B5B3-A236EFA7700B}"
EndProject
Project("{FAE04EC0-301F-11D3-BF4B-00C04F79EFBC}") = "Zadana.Application.Tests", "tests\Zadana.Application.Tests\Zadana.Application.Tests.csproj", "{87B8814F-95C6-46B5-B445-ADD4DE478E3B}"
EndProject
Global
	GlobalSection(SolutionConfigurationPlatforms) = preSolution
		Debug|Any CPU = Debug|Any CPU
		Debug|x64 = Debug|x64
		Debug|x86 = Debug|x86
		Release|Any CPU = Release|Any CPU
		Release|x64 = Release|x64
		Release|x86 = Release|x86
	EndGlobalSection
	GlobalSection(ProjectConfigurationPlatforms) = postSolution
		{5AF91D0B-2637-48BC-B714-2B6F6599D392}.Debug|Any CPU.ActiveCfg = Debug|Any CPU
		{5AF91D0B-2637-48BC-B714-2B6F6599D392}.Debug|Any CPU.Build.0 = Debug|Any CPU
		{5AF91D0B-2637-48BC-B714-2B6F6599D392}.Debug|x64.ActiveCfg = Debug|Any CPU
		{5AF91D0B-2637-48BC-B714-2B6F6599D392}.Debug|x64.Build.0 = Debug|Any CPU
		{5AF91D0B-2637-48BC-B714-2B6F6599D392}.Debug|x86.ActiveCfg = Debug|Any CPU
		{5AF91D0B-2637-48BC-B714-2B6F6599D392}.Debug|x86.Build.0 = Debug|Any CPU
		{5AF91D0B-2637-48BC-B714-2B6F6599D392}.Release|Any CPU.ActiveCfg = Release|Any CPU
		{5AF91D0B-2637-48BC-B714-2B6F6599D392}.Release|Any CPU.Build.0 = Release|Any CPU
		{5AF91D0B-2637-48BC-B714-2B6F6599D392}.Release|x64.ActiveCfg = Release|Any CPU
		{5AF91D0B-2637-48BC-B714-2B6F6599D392}.Release|x64.Build.0 = Release|Any CPU
		{5AF91D0B-2637-48BC-B714-2B6F6599D392}.Release|x86.ActiveCfg = Release|Any CPU
		{5AF91D0B-2637-48BC-B714-2B6F6599D392}.Release|x86.Build.0 = Release|Any CPU
		{D6F618EB-FEBE-475D-BFED-B75565A814BF}.Debug|Any CPU.ActiveCfg = Debug|Any CPU
		{D6F618EB-FEBE-475D-BFED-B75565A814BF}.Debug|Any CPU.Build.0 = Debug|Any CPU
		{D6F618EB-FEBE-475D-BFED-B75565A814BF}.Debug|x64.ActiveCfg = Debug|Any CPU
		{D6F618EB-FEBE-475D-BFED-B75565A814BF}.Debug|x64.Build.0 = Debug|Any CPU
		{D6F618EB-FEBE-475D-BFED-B75565A814BF}.Debug|x86.ActiveCfg = Debug|Any CPU
		{D6F618EB-FEBE-475D-BFED-B75565A814BF}.Debug|x86.Build.0 = Debug|Any CPU
		{D6F618EB-FEBE-475D-BFED-B75565A814BF}.Release|Any CPU.ActiveCfg = Release|Any CPU
		{D6F618EB-FEBE-475D-BFED-B75565A814BF}.Release|Any CPU.Build.0 = Release|Any CPU
		{D6F618EB-FEBE-475D-BFED-B75565A814BF}.Release|x64.ActiveCfg = Release|Any CPU
		{D6F618EB-FEBE-475D-BFED-B75565A814BF}.Release|x64.Build.0 = Release|Any CPU
		{D6F618EB-FEBE-475D-BFED-B75565A814BF}.Release|x86.ActiveCfg = Release|Any CPU
		{D6F618EB-FEBE-475D-BFED-B75565A814BF}.Release|x86.Build.0 = Release|Any CPU
		{D476D6F6-FACE-45E0-A660-A5F0F6B2AEA5}.Debug|Any CPU.ActiveCfg = Debug|Any CPU
		{D476D6F6-FACE-45E0-A660-A5F0F6B2AEA5}.Debug|Any CPU.Build.0 = Debug|Any CPU
		{D476D6F6-FACE-45E0-A660-A5F0F6B2AEA5}.Debug|x64.ActiveCfg = Debug|Any CPU
		{D476D6F6-FACE-45E0-A660-A5F0F6B2AEA5}.Debug|x64.Build.0 = Debug|Any CPU
		{D476D6F6-FACE-45E0-A660-A5F0F6B2AEA5}.Debug|x86.ActiveCfg = Debug|Any CPU
		{D476D6F6-FACE-45E0-A660-A5F0F6B2AEA5}.Debug|x86.Build.0 = Debug|Any CPU
		{D476D6F6-FACE-45E0-A660-A5F0F6B2AEA5}.Release|Any CPU.ActiveCfg = Release|Any CPU
		{D476D6F6-FACE-45E0-A660-A5F0F6B2AEA5}.Release|Any CPU.Build.0 = Release|Any CPU
		{D476D6F6-FACE-45E0-A660-A5F0F6B2AEA5}.Release|x64.ActiveCfg = Release|Any CPU
		{D476D6F6-FACE-45E0-A660-A5F0F6B2AEA5}.Release|x64.Build.0 = Release|Any CPU
		{D476D6F6-FACE-45E0-A660-A5F0F6B2AEA5}.Release|x86.ActiveCfg = Release|Any CPU
		{D476D6F6-FACE-45E0-A660-A5F0F6B2AEA5}.Release|x86.Build.0 = Release|Any CPU
		{17E10126-C295-493A-ABDD-2B032E07580B}.Debug|Any CPU.ActiveCfg = Debug|Any CPU
		{17E10126-C295-493A-ABDD-2B032E07580B}.Debug|Any CPU.Build.0 = Debug|Any CPU
		{17E10126-C295-493A-ABDD-2B032E07580B}.Debug|x64.ActiveCfg = Debug|Any CPU
		{17E10126-C295-493A-ABDD-2B032E07580B}.Debug|x64.Build.0 = Debug|Any CPU
		{17E10126-C295-493A-ABDD-2B032E07580B}.Debug|x86.ActiveCfg = Debug|Any CPU
		{17E10126-C295-493A-ABDD-2B032E07580B}.Debug|x86.Build.0 = Debug|Any CPU
		{17E10126-C295-493A-ABDD-2B032E07580B}.Release|Any CPU.ActiveCfg = Release|Any CPU
		{17E10126-C295-493A-ABDD-2B032E07580B}.Release|Any CPU.Build.0 = Release|Any CPU
		{17E10126-C295-493A-ABDD-2B032E07580B}.Release|x64.ActiveCfg = Release|Any CPU
		{17E10126-C295-493A-ABDD-2B032E07580B}.Release|x64.Build.0 = Release|Any CPU
		{17E10126-C295-493A-ABDD-2B032E07580B}.Release|x86.ActiveCfg = Release|Any CPU
		{17E10126-C295-493A-ABDD-2B032E07580B}.Release|x86.Build.0 = Release|Any CPU
		{6D2DA302-B243-4026-AA1B-94B4833E9994}.Debug|Any CPU.ActiveCfg = Debug|Any CPU
		{6D2DA302-B243-4026-AA1B-94B4833E9994}.Debug|Any CPU.Build.0 = Debug|Any CPU
		{6D2DA302-B243-4026-AA1B-94B4833E9994}.Debug|x64.ActiveCfg = Debug|Any CPU
		{6D2DA302-B243-4026-AA1B-94B4833E9994}.Debug|x64.Build.0 = Debug|Any CPU
		{6D2DA302-B243-4026-AA1B-94B4833E9994}.Debug|x86.ActiveCfg = Debug|Any CPU
		{6D2DA302-B243-4026-AA1B-94B4833E9994}.Debug|x86.Build.0 = Debug|Any CPU
		{6D2DA302-B243-4026-AA1B-94B4833E9994}.Release|Any CPU.ActiveCfg = Release|Any CPU
		{6D2DA302-B243-4026-AA1B-94B4833E9994}.Release|Any CPU.Build.0 = Release|Any CPU
		{6D2DA302-B243-4026-AA1B-94B4833E9994}.Release|x64.ActiveCfg = Release|Any CPU
		{6D2DA302-B243-4026-AA1B-94B4833E9994}.Release|x64.Build.0 = Release|Any CPU
		{6D2DA302-B243-4026-AA1B-94B4833E9994}.Release|x86.ActiveCfg = Release|Any CPU
		{6D2DA302-B243-4026-AA1B-94B4833E9994}.Release|x86.Build.0 = Release|Any CPU
		{9212D614-43A5-42DC-8F3E-2F01E2B06296}.Debug|Any CPU.ActiveCfg = Debug|Any CPU
		{9212D614-43A5-42DC-8F3E-2F01E2B06296}.Debug|Any CPU.Build.0 = Debug|Any CPU
		{9212D614-43A5-42DC-8F3E-2F01E2B06296}.Debug|x64.ActiveCfg = Debug|Any CPU
		{9212D614-43A5-42DC-8F3E-2F01E2B06296}.Debug|x64.Build.0 = Debug|Any CPU
		{9212D614-43A5-42DC-8F3E-2F01E2B06296}.Debug|x86.ActiveCfg = Debug|Any CPU
		{9212D614-43A5-42DC-8F3E-2F01E2B06296}.Debug|x86.Build.0 = Debug|Any CPU
		{9212D614-43A5-42DC-8F3E-2F01E2B06296}.Release|Any CPU.ActiveCfg = Release|Any CPU
		{9212D614-43A5-42DC-8F3E-2F01E2B06296}.Release|Any CPU.Build.0 = Release|Any CPU
		{9212D614-43A5-42DC-8F3E-2F01E2B06296}.Release|x64.ActiveCfg = Release|Any CPU
		{9212D614-43A5-42DC-8F3E-2F01E2B06296}.Release|x64.Build.0 = Release|Any CPU
		{9212D614-43A5-42DC-8F3E-2F01E2B06296}.Release|x86.ActiveCfg = Release|Any CPU
		{9212D614-43A5-42DC-8F3E-2F01E2B06296}.Release|x86.Build.0 = Release|Any CPU
		{99870E98-BF63-47F5-B765-052730FF3C0E}.Debug|Any CPU.ActiveCfg = Debug|Any CPU
		{99870E98-BF63-47F5-B765-052730FF3C0E}.Debug|Any CPU.Build.0 = Debug|Any CPU
		{99870E98-BF63-47F5-B765-052730FF3C0E}.Debug|x64.ActiveCfg = Debug|Any CPU
		{99870E98-BF63-47F5-B765-052730FF3C0E}.Debug|x64.Build.0 = Debug|Any CPU
		{99870E98-BF63-47F5-B765-052730FF3C0E}.Debug|x86.ActiveCfg = Debug|Any CPU
		{99870E98-BF63-47F5-B765-052730FF3C0E}.Debug|x86.Build.0 = Debug|Any CPU
		{99870E98-BF63-47F5-B765-052730FF3C0E}.Release|Any CPU.ActiveCfg = Release|Any CPU
		{99870E98-BF63-47F5-B765-052730FF3C0E}.Release|Any CPU.Build.0 = Release|Any CPU
		{99870E98-BF63-47F5-B765-052730FF3C0E}.Release|x64.ActiveCfg = Release|Any CPU
		{99870E98-BF63-47F5-B765-052730FF3C0E}.Release|x64.Build.0 = Release|Any CPU
		{99870E98-BF63-47F5-B765-052730FF3C0E}.Release|x86.ActiveCfg = Release|Any CPU
		{99870E98-BF63-47F5-B765-052730FF3C0E}.Release|x86.Build.0 = Release|Any CPU
		{381677E3-C5F0-471F-889B-BA17D5CD907B}.Debug|Any CPU.ActiveCfg = Debug|Any CPU
		{381677E3-C5F0-471F-889B-BA17D5CD907B}.Debug|Any CPU.Build.0 = Debug|Any CPU
		{381677E3-C5F0-471F-889B-BA17D5CD907B}.Debug|x64.ActiveCfg = Debug|Any CPU
		{381677E3-C5F0-471F-889B-BA17D5CD907B}.Debug|x64.Build.0 = Debug|Any CPU
		{381677E3-C5F0-471F-889B-BA17D5CD907B}.Debug|x86.ActiveCfg = Debug|Any CPU
		{381677E3-C5F0-471F-889B-BA17D5CD907B}.Debug|x86.Build.0 = Debug|Any CPU
		{381677E3-C5F0-471F-889B-BA17D5CD907B}.Release|Any CPU.ActiveCfg = Release|Any CPU
		{381677E3-C5F0-471F-889B-BA17D5CD907B}.Release|Any CPU.Build.0 = Release|Any CPU
		{381677E3-C5F0-471F-889B-BA17D5CD907B}.Release|x64.ActiveCfg = Release|Any CPU
		{381677E3-C5F0-471F-889B-BA17D5CD907B}.Release|x64.Build.0 = Release|Any CPU
		{381677E3-C5F0-471F-889B-BA17D5CD907B}.Release|x86.ActiveCfg = Release|Any CPU
		{381677E3-C5F0-471F-889B-BA17D5CD907B}.Release|x86.Build.0 = Release|Any CPU
		{23BD5DA5-2E07-4FB5-B5B3-A236EFA7700B}.Debug|Any CPU.ActiveCfg = Debug|Any CPU
		{23BD5DA5-2E07-4FB5-B5B3-A236EFA7700B}.Debug|Any CPU.Build.0 = Debug|Any CPU
		{23BD5DA5-2E07-4FB5-B5B3-A236EFA7700B}.Debug|x64.ActiveCfg = Debug|Any CPU
		{23BD5DA5-2E07-4FB5-B5B3-A236EFA7700B}.Debug|x64.Build.0 = Debug|Any CPU
		{23BD5DA5-2E07-4FB5-B5B3-A236EFA7700B}.Debug|x86.ActiveCfg = Debug|Any CPU
		{23BD5DA5-2E07-4FB5-B5B3-A236EFA7700B}.Debug|x86.Build.0 = Debug|Any CPU
		{23BD5DA5-2E07-4FB5-B5B3-A236EFA7700B}.Release|Any CPU.ActiveCfg = Release|Any CPU
		{23BD5DA5-2E07-4FB5-B5B3-A236EFA7700B}.Release|Any CPU.Build.0 = Release|Any CPU
		{23BD5DA5-2E07-4FB5-B5B3-A236EFA7700B}.Release|x64.ActiveCfg = Release|Any CPU
		{23BD5DA5-2E07-4FB5-B5B3-A236EFA7700B}.Release|x64.Build.0 = Release|Any CPU
		{23BD5DA5-2E07-4FB5-B5B3-A236EFA7700B}.Release|x86.ActiveCfg = Release|Any CPU
		{23BD5DA5-2E07-4FB5-B5B3-A236EFA7700B}.Release|x86.Build.0 = Release|Any CPU
		{87B8814F-95C6-46B5-B445-ADD4DE478E3B}.Debug|Any CPU.ActiveCfg = Debug|Any CPU
		{87B8814F-95C6-46B5-B445-ADD4DE478E3B}.Debug|Any CPU.Build.0 = Debug|Any CPU
		{87B8814F-95C6-46B5-B445-ADD4DE478E3B}.Debug|x64.ActiveCfg = Debug|Any CPU
		{87B8814F-95C6-46B5-B445-ADD4DE478E3B}.Debug|x64.Build.0 = Debug|Any CPU
		{87B8814F-95C6-46B5-B445-ADD4DE478E3B}.Debug|x86.ActiveCfg = Debug|Any CPU
		{87B8814F-95C6-46B5-B445-ADD4DE478E3B}.Debug|x86.Build.0 = Debug|Any CPU
		{87B8814F-95C6-46B5-B445-ADD4DE478E3B}.Release|Any CPU.ActiveCfg = Release|Any CPU
		{87B8814F-95C6-46B5-B445-ADD4DE478E3B}.Release|Any CPU.Build.0 = Release|Any CPU
		{87B8814F-95C6-46B5-B445-ADD4DE478E3B}.Release|x64.ActiveCfg = Release|Any CPU
		{87B8814F-95C6-46B5-B445-ADD4DE478E3B}.Release|x64.Build.0 = Release|Any CPU
		{87B8814F-95C6-46B5-B445-ADD4DE478E3B}.Release|x86.ActiveCfg = Release|Any CPU
		{87B8814F-95C6-46B5-B445-ADD4DE478E3B}.Release|x86.Build.0 = Release|Any CPU
	EndGlobalSection
	GlobalSection(SolutionProperties) = preSolution
		HideSolutionNode = FALSE
	EndGlobalSection
	GlobalSection(NestedProjects) = preSolution
		{5AF91D0B-2637-48BC-B714-2B6F6599D392} = {827E0CD3-B72D-47B6-A68D-7590B98EB39B}
		{D6F618EB-FEBE-475D-BFED-B75565A814BF} = {827E0CD3-B72D-47B6-A68D-7590B98EB39B}
		{D476D6F6-FACE-45E0-A660-A5F0F6B2AEA5} = {827E0CD3-B72D-47B6-A68D-7590B98EB39B}
		{17E10126-C295-493A-ABDD-2B032E07580B} = {827E0CD3-B72D-47B6-A68D-7590B98EB39B}
		{6D2DA302-B243-4026-AA1B-94B4833E9994} = {827E0CD3-B72D-47B6-A68D-7590B98EB39B}
		{9212D614-43A5-42DC-8F3E-2F01E2B06296} = {827E0CD3-B72D-47B6-A68D-7590B98EB39B}
		{99870E98-BF63-47F5-B765-052730FF3C0E} = {0AB3BF05-4346-4AA6-1389-037BE0695223}
		{381677E3-C5F0-471F-889B-BA17D5CD907B} = {0AB3BF05-4346-4AA6-1389-037BE0695223}
		{23BD5DA5-2E07-4FB5-B5B3-A236EFA7700B} = {0AB3BF05-4346-4AA6-1389-037BE0695223}
		{87B8814F-95C6-46B5-B445-ADD4DE478E3B} = {0AB3BF05-4346-4AA6-1389-037BE0695223}
	EndGlobalSection
EndGlobal
